
Microsoft Visual Studio Solution File, Format Version 12.00
# Visual Studio 15
Project("{2150E333-8FDC-42A3-9474-1A3956D46DE8}") = "Microservices", "Microservices", "{04E72DAA-25E3-455C-9DDA-F98B38E01793}"
EndProject
Project("{2150E333-8FDC-42A3-9474-1A3956D46DE8}") = "Domain", "Domain", "{EC5C1017-0F34-4C31-884F-A1D65F22DDCD}"
EndProject
Project("{2150E333-8FDC-42A3-9474-1A3956D46DE8}") = "Infra.Bus", "Infra.Bus", "{01FE5934-8BBB-4FAF-B764-575801DF0011}"
EndProject
Project("{2150E333-8FDC-42A3-9474-1A3956D46DE8}") = "Infra.IoC", "Infra.IoC", "{A37C9CCD-1623-413D-9F23-3DAE624D1751}"
EndProject
Project("{2150E333-8FDC-42A3-9474-1A3956D46DE8}") = "Presentation", "Presentation", "{49861CE2-5D32-4E5A-8898-13F514DE305F}"
EndProject
Project("{FAE04EC0-301F-11D3-BF4B-00C04F79EFBC}") = "MicroRabbitMQ.Domain.Core", "MicroRabbitMQ.Domain.Core\MicroRabbitMQ.Domain.Core.csproj", "{FFBC4562-E81B-49AB-B6FA-C01C067C92E2}"
EndProject
Project("{FAE04EC0-301F-11D3-BF4B-00C04F79EFBC}") = "MicroRabbitMQ.Infra.Bus", "MicroRabbitMQ.Infra.Bus\MicroRabbitMQ.Infra.Bus.csproj", "{DD4C61C4-BE01-4BB1-A055-EC8B560F4097}"
EndProject
Project("{FAE04EC0-301F-11D3-BF4B-00C04F79EFBC}") = "MicroRabbitMQ.Infra.IoC", "MicroRabbitMQ.Infra.IoC\MicroRabbitMQ.Infra.IoC.csproj", "{30CAAC47-D5C7-41A7-B2B4-D3181607B744}"
EndProject
Project("{2150E333-8FDC-42A3-9474-1A3956D46DE8}") = "Banking", "Banking", "{CA70B058-25E6-4A00-A51F-D0E28E99052E}"
EndProject
Project("{2150E333-8FDC-42A3-9474-1A3956D46DE8}") = "Api", "Api", "{511B063D-061F-4BEE-9458-0C0EAECDF5BF}"
EndProject
Project("{2150E333-8FDC-42A3-9474-1A3956D46DE8}") = "Application", "Application", "{C4E0C815-CB39-4947-A444-DB605268B6B0}"
EndProject
Project("{2150E333-8FDC-42A3-9474-1A3956D46DE8}") = "Data", "Data", "{077F26DC-42D2-488E-A2AB-02CBF927B1D6}"
EndProject
Project("{2150E333-8FDC-42A3-9474-1A3956D46DE8}") = "Domain", "Domain", "{13E102B3-E0E0-454E-90FF-2D2D09338094}"
EndProject
Project("{FAE04EC0-301F-11D3-BF4B-00C04F79EFBC}") = "MicroRabbitMQ.Banking.Api", "MicroRabbitMQ.Banking.Api\MicroRabbitMQ.Banking.Api.csproj", "{F1CBA6F6-15C4-4389-91B2-E4D2DDE51E30}"
EndProject
Project("{FAE04EC0-301F-11D3-BF4B-00C04F79EFBC}") = "MicroRabbitMQ.Banking.Application", "MicroRabbitMQ.Banking.Application\MicroRabbitMQ.Banking.Application.csproj", "{ECC8C275-DE5E-49F4-9AC3-A245A23948FF}"
EndProject
Project("{FAE04EC0-301F-11D3-BF4B-00C04F79EFBC}") = "MicroRabbitMQ.Banking.Data", "MicroRabbitMQ.Banking.Data\MicroRabbitMQ.Banking.Data.csproj", "{2F358A5C-7420-42B0-B481-287639FFB8F6}"
EndProject
Project("{FAE04EC0-301F-11D3-BF4B-00C04F79EFBC}") = "MicroRabbitMQ.Banking.Domain", "MicroRabbitMQ.Banking.Domain\MicroRabbitMQ.Banking.Domain.csproj", "{473D4B31-F04C-44F0-84E6-3FEF3AF090A8}"
EndProject
Global
	GlobalSection(SolutionConfigurationPlatforms) = preSolution
		Debug|Any CPU = Debug|Any CPU
		Release|Any CPU = Release|Any CPU
	EndGlobalSection
	GlobalSection(ProjectConfigurationPlatforms) = postSolution
		{FFBC4562-E81B-49AB-B6FA-C01C067C92E2}.Debug|Any CPU.ActiveCfg = Debug|Any CPU
		{FFBC4562-E81B-49AB-B6FA-C01C067C92E2}.Debug|Any CPU.Build.0 = Debug|Any CPU
		{FFBC4562-E81B-49AB-B6FA-C01C067C92E2}.Release|Any CPU.ActiveCfg = Release|Any CPU
		{FFBC4562-E81B-49AB-B6FA-C01C067C92E2}.Release|Any CPU.Build.0 = Release|Any CPU
		{DD4C61C4-BE01-4BB1-A055-EC8B560F4097}.Debug|Any CPU.ActiveCfg = Debug|Any CPU
		{DD4C61C4-BE01-4BB1-A055-EC8B560F4097}.Debug|Any CPU.Build.0 = Debug|Any CPU
		{DD4C61C4-BE01-4BB1-A055-EC8B560F4097}.Release|Any CPU.ActiveCfg = Release|Any CPU
		{DD4C61C4-BE01-4BB1-A055-EC8B560F4097}.Release|Any CPU.Build.0 = Release|Any CPU
		{30CAAC47-D5C7-41A7-B2B4-D3181607B744}.Debug|Any CPU.ActiveCfg = Debug|Any CPU
		{30CAAC47-D5C7-41A7-B2B4-D3181607B744}.Debug|Any CPU.Build.0 = Debug|Any CPU
		{30CAAC47-D5C7-41A7-B2B4-D3181607B744}.Release|Any CPU.ActiveCfg = Release|Any CPU
		{30CAAC47-D5C7-41A7-B2B4-D3181607B744}.Release|Any CPU.Build.0 = Release|Any CPU
		{F1CBA6F6-15C4-4389-91B2-E4D2DDE51E30}.Debug|Any CPU.ActiveCfg = Debug|Any CPU
		{F1CBA6F6-15C4-4389-91B2-E4D2DDE51E30}.Debug|Any CPU.Build.0 = Debug|Any CPU
		{F1CBA6F6-15C4-4389-91B2-E4D2DDE51E30}.Release|Any CPU.ActiveCfg = Release|Any CPU
		{F1CBA6F6-15C4-4389-91B2-E4D2DDE51E30}.Release|Any CPU.Build.0 = Release|Any CPU
		{ECC8C275-DE5E-49F4-9AC3-A245A23948FF}.Debug|Any CPU.ActiveCfg = Debug|Any CPU
		{ECC8C275-DE5E-49F4-9AC3-A245A23948FF}.Debug|Any CPU.Build.0 = Debug|Any CPU
		{ECC8C275-DE5E-49F4-9AC3-A245A23948FF}.Release|Any CPU.ActiveCfg = Release|Any CPU
		{ECC8C275-DE5E-49F4-9AC3-A245A23948FF}.Release|Any CPU.Build.0 = Release|Any CPU
		{2F358A5C-7420-42B0-B481-287639FFB8F6}.Debug|Any CPU.ActiveCfg = Debug|Any CPU
		{2F358A5C-7420-42B0-B481-287639FFB8F6}.Debug|Any CPU.Build.0 = Debug|Any CPU
		{2F358A5C-7420-42B0-B481-287639FFB8F6}.Release|Any CPU.ActiveCfg = Release|Any CPU
		{2F358A5C-7420-42B0-B481-287639FFB8F6}.Release|Any CPU.Build.0 = Release|Any CPU
		{473D4B31-F04C-44F0-84E6-3FEF3AF090A8}.Debug|Any CPU.ActiveCfg = Debug|Any CPU
		{473D4B31-F04C-44F0-84E6-3FEF3AF090A8}.Debug|Any CPU.Build.0 = Debug|Any CPU
		{473D4B31-F04C-44F0-84E6-3FEF3AF090A8}.Release|Any CPU.ActiveCfg = Release|Any CPU
		{473D4B31-F04C-44F0-84E6-3FEF3AF090A8}.Release|Any CPU.Build.0 = Release|Any CPU
	EndGlobalSection
	GlobalSection(NestedProjects) = preSolution
		{FFBC4562-E81B-49AB-B6FA-C01C067C92E2} = {EC5C1017-0F34-4C31-884F-A1D65F22DDCD}
		{DD4C61C4-BE01-4BB1-A055-EC8B560F4097} = {01FE5934-8BBB-4FAF-B764-575801DF0011}
		{30CAAC47-D5C7-41A7-B2B4-D3181607B744} = {A37C9CCD-1623-413D-9F23-3DAE624D1751}
		{CA70B058-25E6-4A00-A51F-D0E28E99052E} = {04E72DAA-25E3-455C-9DDA-F98B38E01793}
		{511B063D-061F-4BEE-9458-0C0EAECDF5BF} = {CA70B058-25E6-4A00-A51F-D0E28E99052E}
		{C4E0C815-CB39-4947-A444-DB605268B6B0} = {CA70B058-25E6-4A00-A51F-D0E28E99052E}
		{077F26DC-42D2-488E-A2AB-02CBF927B1D6} = {CA70B058-25E6-4A00-A51F-D0E28E99052E}
		{13E102B3-E0E0-454E-90FF-2D2D09338094} = {CA70B058-25E6-4A00-A51F-D0E28E99052E}
		{F1CBA6F6-15C4-4389-91B2-E4D2DDE51E30} = {511B063D-061F-4BEE-9458-0C0EAECDF5BF}
		{ECC8C275-DE5E-49F4-9AC3-A245A23948FF} = {C4E0C815-CB39-4947-A444-DB605268B6B0}
		{2F358A5C-7420-42B0-B481-287639FFB8F6} = {077F26DC-42D2-488E-A2AB-02CBF927B1D6}
		{473D4B31-F04C-44F0-84E6-3FEF3AF090A8} = {13E102B3-E0E0-454E-90FF-2D2D09338094}
	EndGlobalSection
EndGlobal
